
Microsoft Visual Studio Solution File, Format Version 12.00
# Visual Studio Version 17
VisualStudioVersion = 17.12.35527.113
MinimumVisualStudioVersion = 10.0.40219.1
Project("{FAE04EC0-301F-11D3-BF4B-00C04F79EFBC}") = "Data", "Data\Data.csproj", "{5CFD42FD-5964-43F8-A46A-EEB9F49DBF4F}"
EndProject
Project("{FAE04EC0-301F-11D3-BF4B-00C04F79EFBC}") = "Data.Tests", "Data.Tests\Data.Tests.csproj", "{BD8F3729-8525-4C66-B0AE-1A051C4AA2D9}"
EndProject
Project("{FAE04EC0-301F-11D3-BF4B-00C04F79EFBC}") = "Logic", "Logic\Logic.csproj", "{B9DDC458-AD92-4BBA-9BD8-CEC281202290}"
EndProject
Project("{FAE04EC0-301F-11D3-BF4B-00C04F79EFBC}") = "Logic.Tests", "Logic.Tests\Logic.Tests.csproj", "{A807067C-26F0-4433-AFC6-AFB959DF3331}"
EndProject
Project("{FAE04EC0-301F-11D3-BF4B-00C04F79EFBC}") = "Presentation.Model", "Presentation.Model\Presentation.Model.csproj", "{1EBB5403-656E-440D-B1F9-65727ACFF27F}"
EndProject
Project("{FAE04EC0-301F-11D3-BF4B-00C04F79EFBC}") = "Presentation.ViewModel", "Presentation.ViewModel\Presentation.ViewModel.csproj", "{C5EDDF88-7648-427C-8646-A9579FC3FC3E}"
EndProject
Project("{FAE04EC0-301F-11D3-BF4B-00C04F79EFBC}") = "Presentation.View", "Presentation.View\Presentation.View.csproj", "{9FB4C844-0F3F-47D2-BDB0-06301ED49333}"
EndProject
Project("{FAE04EC0-301F-11D3-BF4B-00C04F79EFBC}") = "Presentation.Model.Tests", "Presentation.Model.Tests\Presentation.Model.Tests.csproj", "{75CE1576-EC9D-4545-A906-8CE3D3F6D1CF}"
EndProject
Project("{FAE04EC0-301F-11D3-BF4B-00C04F79EFBC}") = "Presentation.ViewModel.Tests", "Presentation.ViewModel.Tests\Presentation.ViewModel.Tests.csproj", "{13CE1AAB-7247-4F78-B27F-D0D282BBBD14}"
EndProject
Global
	GlobalSection(SolutionConfigurationPlatforms) = preSolution
		Debug|Any CPU = Debug|Any CPU
		Release|Any CPU = Release|Any CPU
	EndGlobalSection
	GlobalSection(ProjectConfigurationPlatforms) = postSolution
		{5CFD42FD-5964-43F8-A46A-EEB9F49DBF4F}.Debug|Any CPU.ActiveCfg = Debug|Any CPU
		{5CFD42FD-5964-43F8-A46A-EEB9F49DBF4F}.Debug|Any CPU.Build.0 = Debug|Any CPU
		{5CFD42FD-5964-43F8-A46A-EEB9F49DBF4F}.Release|Any CPU.ActiveCfg = Release|Any CPU
		{5CFD42FD-5964-43F8-A46A-EEB9F49DBF4F}.Release|Any CPU.Build.0 = Release|Any CPU
		{BD8F3729-8525-4C66-B0AE-1A051C4AA2D9}.Debug|Any CPU.ActiveCfg = Debug|Any CPU
		{BD8F3729-8525-4C66-B0AE-1A051C4AA2D9}.Debug|Any CPU.Build.0 = Debug|Any CPU
		{BD8F3729-8525-4C66-B0AE-1A051C4AA2D9}.Release|Any CPU.ActiveCfg = Release|Any CPU
		{BD8F3729-8525-4C66-B0AE-1A051C4AA2D9}.Release|Any CPU.Build.0 = Release|Any CPU
		{B9DDC458-AD92-4BBA-9BD8-CEC281202290}.Debug|Any CPU.ActiveCfg = Debug|Any CPU
		{B9DDC458-AD92-4BBA-9BD8-CEC281202290}.Debug|Any CPU.Build.0 = Debug|Any CPU
		{B9DDC458-AD92-4BBA-9BD8-CEC281202290}.Release|Any CPU.ActiveCfg = Release|Any CPU
		{B9DDC458-AD92-4BBA-9BD8-CEC281202290}.Release|Any CPU.Build.0 = Release|Any CPU
		{A807067C-26F0-4433-AFC6-AFB959DF3331}.Debug|Any CPU.ActiveCfg = Debug|Any CPU
		{A807067C-26F0-4433-AFC6-AFB959DF3331}.Debug|Any CPU.Build.0 = Debug|Any CPU
		{A807067C-26F0-4433-AFC6-AFB959DF3331}.Release|Any CPU.ActiveCfg = Release|Any CPU
		{A807067C-26F0-4433-AFC6-AFB959DF3331}.Release|Any CPU.Build.0 = Release|Any CPU
		{1EBB5403-656E-440D-B1F9-65727ACFF27F}.Debug|Any CPU.ActiveCfg = Debug|Any CPU
		{1EBB5403-656E-440D-B1F9-65727ACFF27F}.Debug|Any CPU.Build.0 = Debug|Any CPU
		{1EBB5403-656E-440D-B1F9-65727ACFF27F}.Release|Any CPU.ActiveCfg = Release|Any CPU
		{1EBB5403-656E-440D-B1F9-65727ACFF27F}.Release|Any CPU.Build.0 = Release|Any CPU
		{C5EDDF88-7648-427C-8646-A9579FC3FC3E}.Debug|Any CPU.ActiveCfg = Debug|Any CPU
		{C5EDDF88-7648-427C-8646-A9579FC3FC3E}.Debug|Any CPU.Build.0 = Debug|Any CPU
		{C5EDDF88-7648-427C-8646-A9579FC3FC3E}.Release|Any CPU.ActiveCfg = Release|Any CPU
		{C5EDDF88-7648-427C-8646-A9579FC3FC3E}.Release|Any CPU.Build.0 = Release|Any CPU
		{9FB4C844-0F3F-47D2-BDB0-06301ED49333}.Debug|Any CPU.ActiveCfg = Debug|Any CPU
		{9FB4C844-0F3F-47D2-BDB0-06301ED49333}.Debug|Any CPU.Build.0 = Debug|Any CPU
		{9FB4C844-0F3F-47D2-BDB0-06301ED49333}.Release|Any CPU.ActiveCfg = Release|Any CPU
		{9FB4C844-0F3F-47D2-BDB0-06301ED49333}.Release|Any CPU.Build.0 = Release|Any CPU
		{75CE1576-EC9D-4545-A906-8CE3D3F6D1CF}.Debug|Any CPU.ActiveCfg = Debug|Any CPU
		{75CE1576-EC9D-4545-A906-8CE3D3F6D1CF}.Debug|Any CPU.Build.0 = Debug|Any CPU
		{75CE1576-EC9D-4545-A906-8CE3D3F6D1CF}.Release|Any CPU.ActiveCfg = Release|Any CPU
		{75CE1576-EC9D-4545-A906-8CE3D3F6D1CF}.Release|Any CPU.Build.0 = Release|Any CPU
		{13CE1AAB-7247-4F78-B27F-D0D282BBBD14}.Debug|Any CPU.ActiveCfg = Debug|Any CPU
		{13CE1AAB-7247-4F78-B27F-D0D282BBBD14}.Debug|Any CPU.Build.0 = Debug|Any CPU
		{13CE1AAB-7247-4F78-B27F-D0D282BBBD14}.Release|Any CPU.ActiveCfg = Release|Any CPU
		{13CE1AAB-7247-4F78-B27F-D0D282BBBD14}.Release|Any CPU.Build.0 = Release|Any CPU
	EndGlobalSection
	GlobalSection(SolutionProperties) = preSolution
		HideSolutionNode = FALSE
	EndGlobalSection
	GlobalSection(ExtensibilityGlobals) = postSolution
		SolutionGuid = {721F18A9-77D9-4CE9-A725-CDB930AB8C4D}
	EndGlobalSection
EndGlobal
