
Microsoft Visual Studio Solution File, Format Version 12.00
# Visual Studio Version 17
VisualStudioVersion = 17.12.35527.113
MinimumVisualStudioVersion = 10.0.40219.1
Project("{FAE04EC0-301F-11D3-BF4B-00C04F79EFBC}") = "Server.Data.Tests", "Data.Tests\Server.Data.Tests.csproj", "{BD8F3729-8525-4C66-B0AE-1A051C4AA2D9}"
EndProject
Project("{FAE04EC0-301F-11D3-BF4B-00C04F79EFBC}") = "Server.Logic.Tests", "Logic.Tests\Server.Logic.Tests.csproj", "{A807067C-26F0-4433-AFC6-AFB959DF3331}"
EndProject
Project("{FAE04EC0-301F-11D3-BF4B-00C04F79EFBC}") = "Client.Presentation.Model", "Presentation.Model\Client.Presentation.Model.csproj", "{1EBB5403-656E-440D-B1F9-65727ACFF27F}"
EndProject
Project("{FAE04EC0-301F-11D3-BF4B-00C04F79EFBC}") = "Client.Presentation.ViewModel", "Presentation.ViewModel\Client.Presentation.ViewModel.csproj", "{C5EDDF88-7648-427C-8646-A9579FC3FC3E}"
EndProject
Project("{FAE04EC0-301F-11D3-BF4B-00C04F79EFBC}") = "Client.Presentation.View", "Presentation.View\Client.Presentation.View.csproj", "{9FB4C844-0F3F-47D2-BDB0-06301ED49333}"
EndProject
Project("{FAE04EC0-301F-11D3-BF4B-00C04F79EFBC}") = "Client.Presentation.Model.Tests", "Presentation.Model.Tests\Client.Presentation.Model.Tests.csproj", "{75CE1576-EC9D-4545-A906-8CE3D3F6D1CF}"
EndProject
Project("{FAE04EC0-301F-11D3-BF4B-00C04F79EFBC}") = "Client.Presentation.ViewModel.Tests", "Presentation.ViewModel.Tests\Client.Presentation.ViewModel.Tests.csproj", "{13CE1AAB-7247-4F78-B27F-D0D282BBBD14}"
EndProject
Project("{FAE04EC0-301F-11D3-BF4B-00C04F79EFBC}") = "Client.Data", "Client.Data\Client.Data.csproj", "{20D0322B-920A-46F7-9125-9E8BBB143A16}"
EndProject
Project("{FAE04EC0-301F-11D3-BF4B-00C04F79EFBC}") = "Client.Logic", "Client.Logic\Client.Logic.csproj", "{3DEB5929-363C-40B8-BBB9-5ED887AF3541}"
EndProject
Project("{FAE04EC0-301F-11D3-BF4B-00C04F79EFBC}") = "Server.Data", "Server.Data\Server.Data.csproj", "{F6E25FF6-9944-4959-9ABF-E40891B1498A}"
EndProject
Project("{FAE04EC0-301F-11D3-BF4B-00C04F79EFBC}") = "Server.Logic", "Server.Logic\Server.Logic.csproj", "{D1A98382-6904-4E6D-AC6D-996F085B704D}"
EndProject
Project("{FAE04EC0-301F-11D3-BF4B-00C04F79EFBC}") = "ClientServer.Shared", "ClientServer.Shared\ClientServer.Shared.csproj", "{EFDB782E-E8F0-481E-9904-D592BEA4F9B5}"
EndProject
Project("{FAE04EC0-301F-11D3-BF4B-00C04F79EFBC}") = "Server.Presentation", "Server.Presentation\Server.Presentation.csproj", "{C87AFB60-523D-4FC7-8CA4-4E9ABAFC142C}"
EndProject
Project("{2150E333-8FDC-42A3-9474-1A3956D46DE8}") = "todo", "todo", "{02EA681E-C7D8-13C7-8484-4AC65E1B71E8}"
EndProject
Project("{FAE04EC0-301F-11D3-BF4B-00C04F79EFBC}") = "Client.Data.Tests", "Client.Data.Tests\Client.Data.Tests.csproj", "{A6D88136-2CCC-4A70-B286-4FC8A925A6EF}"
EndProject
Global
	GlobalSection(SolutionConfigurationPlatforms) = preSolution
		Debug|Any CPU = Debug|Any CPU
		Release|Any CPU = Release|Any CPU
	EndGlobalSection
	GlobalSection(ProjectConfigurationPlatforms) = postSolution
		{BD8F3729-8525-4C66-B0AE-1A051C4AA2D9}.Debug|Any CPU.ActiveCfg = Debug|Any CPU
		{BD8F3729-8525-4C66-B0AE-1A051C4AA2D9}.Debug|Any CPU.Build.0 = Debug|Any CPU
		{BD8F3729-8525-4C66-B0AE-1A051C4AA2D9}.Release|Any CPU.ActiveCfg = Release|Any CPU
		{BD8F3729-8525-4C66-B0AE-1A051C4AA2D9}.Release|Any CPU.Build.0 = Release|Any CPU
		{A807067C-26F0-4433-AFC6-AFB959DF3331}.Debug|Any CPU.ActiveCfg = Debug|Any CPU
		{A807067C-26F0-4433-AFC6-AFB959DF3331}.Debug|Any CPU.Build.0 = Debug|Any CPU
		{A807067C-26F0-4433-AFC6-AFB959DF3331}.Release|Any CPU.ActiveCfg = Release|Any CPU
		{A807067C-26F0-4433-AFC6-AFB959DF3331}.Release|Any CPU.Build.0 = Release|Any CPU
		{1EBB5403-656E-440D-B1F9-65727ACFF27F}.Debug|Any CPU.ActiveCfg = Debug|Any CPU
		{1EBB5403-656E-440D-B1F9-65727ACFF27F}.Debug|Any CPU.Build.0 = Debug|Any CPU
		{1EBB5403-656E-440D-B1F9-65727ACFF27F}.Release|Any CPU.ActiveCfg = Release|Any CPU
		{1EBB5403-656E-440D-B1F9-65727ACFF27F}.Release|Any CPU.Build.0 = Release|Any CPU
		{C5EDDF88-7648-427C-8646-A9579FC3FC3E}.Debug|Any CPU.ActiveCfg = Debug|Any CPU
		{C5EDDF88-7648-427C-8646-A9579FC3FC3E}.Debug|Any CPU.Build.0 = Debug|Any CPU
		{C5EDDF88-7648-427C-8646-A9579FC3FC3E}.Release|Any CPU.ActiveCfg = Release|Any CPU
		{C5EDDF88-7648-427C-8646-A9579FC3FC3E}.Release|Any CPU.Build.0 = Release|Any CPU
		{9FB4C844-0F3F-47D2-BDB0-06301ED49333}.Debug|Any CPU.ActiveCfg = Debug|Any CPU
		{9FB4C844-0F3F-47D2-BDB0-06301ED49333}.Debug|Any CPU.Build.0 = Debug|Any CPU
		{9FB4C844-0F3F-47D2-BDB0-06301ED49333}.Release|Any CPU.ActiveCfg = Release|Any CPU
		{9FB4C844-0F3F-47D2-BDB0-06301ED49333}.Release|Any CPU.Build.0 = Release|Any CPU
		{75CE1576-EC9D-4545-A906-8CE3D3F6D1CF}.Debug|Any CPU.ActiveCfg = Debug|Any CPU
		{75CE1576-EC9D-4545-A906-8CE3D3F6D1CF}.Debug|Any CPU.Build.0 = Debug|Any CPU
		{75CE1576-EC9D-4545-A906-8CE3D3F6D1CF}.Release|Any CPU.ActiveCfg = Release|Any CPU
		{75CE1576-EC9D-4545-A906-8CE3D3F6D1CF}.Release|Any CPU.Build.0 = Release|Any CPU
		{13CE1AAB-7247-4F78-B27F-D0D282BBBD14}.Debug|Any CPU.ActiveCfg = Debug|Any CPU
		{13CE1AAB-7247-4F78-B27F-D0D282BBBD14}.Debug|Any CPU.Build.0 = Debug|Any CPU
		{13CE1AAB-7247-4F78-B27F-D0D282BBBD14}.Release|Any CPU.ActiveCfg = Release|Any CPU
		{13CE1AAB-7247-4F78-B27F-D0D282BBBD14}.Release|Any CPU.Build.0 = Release|Any CPU
		{20D0322B-920A-46F7-9125-9E8BBB143A16}.Debug|Any CPU.ActiveCfg = Debug|Any CPU
		{20D0322B-920A-46F7-9125-9E8BBB143A16}.Debug|Any CPU.Build.0 = Debug|Any CPU
		{20D0322B-920A-46F7-9125-9E8BBB143A16}.Release|Any CPU.ActiveCfg = Release|Any CPU
		{20D0322B-920A-46F7-9125-9E8BBB143A16}.Release|Any CPU.Build.0 = Release|Any CPU
		{3DEB5929-363C-40B8-BBB9-5ED887AF3541}.Debug|Any CPU.ActiveCfg = Debug|Any CPU
		{3DEB5929-363C-40B8-BBB9-5ED887AF3541}.Debug|Any CPU.Build.0 = Debug|Any CPU
		{3DEB5929-363C-40B8-BBB9-5ED887AF3541}.Release|Any CPU.ActiveCfg = Release|Any CPU
		{3DEB5929-363C-40B8-BBB9-5ED887AF3541}.Release|Any CPU.Build.0 = Release|Any CPU
		{F6E25FF6-9944-4959-9ABF-E40891B1498A}.Debug|Any CPU.ActiveCfg = Debug|Any CPU
		{F6E25FF6-9944-4959-9ABF-E40891B1498A}.Debug|Any CPU.Build.0 = Debug|Any CPU
		{F6E25FF6-9944-4959-9ABF-E40891B1498A}.Release|Any CPU.ActiveCfg = Release|Any CPU
		{F6E25FF6-9944-4959-9ABF-E40891B1498A}.Release|Any CPU.Build.0 = Release|Any CPU
		{D1A98382-6904-4E6D-AC6D-996F085B704D}.Debug|Any CPU.ActiveCfg = Debug|Any CPU
		{D1A98382-6904-4E6D-AC6D-996F085B704D}.Debug|Any CPU.Build.0 = Debug|Any CPU
		{D1A98382-6904-4E6D-AC6D-996F085B704D}.Release|Any CPU.ActiveCfg = Release|Any CPU
		{D1A98382-6904-4E6D-AC6D-996F085B704D}.Release|Any CPU.Build.0 = Release|Any CPU
		{EFDB782E-E8F0-481E-9904-D592BEA4F9B5}.Debug|Any CPU.ActiveCfg = Debug|Any CPU
		{EFDB782E-E8F0-481E-9904-D592BEA4F9B5}.Debug|Any CPU.Build.0 = Debug|Any CPU
		{EFDB782E-E8F0-481E-9904-D592BEA4F9B5}.Release|Any CPU.ActiveCfg = Release|Any CPU
		{EFDB782E-E8F0-481E-9904-D592BEA4F9B5}.Release|Any CPU.Build.0 = Release|Any CPU
		{C87AFB60-523D-4FC7-8CA4-4E9ABAFC142C}.Debug|Any CPU.ActiveCfg = Debug|Any CPU
		{C87AFB60-523D-4FC7-8CA4-4E9ABAFC142C}.Debug|Any CPU.Build.0 = Debug|Any CPU
		{C87AFB60-523D-4FC7-8CA4-4E9ABAFC142C}.Release|Any CPU.ActiveCfg = Release|Any CPU
		{C87AFB60-523D-4FC7-8CA4-4E9ABAFC142C}.Release|Any CPU.Build.0 = Release|Any CPU
		{A6D88136-2CCC-4A70-B286-4FC8A925A6EF}.Debug|Any CPU.ActiveCfg = Debug|Any CPU
		{A6D88136-2CCC-4A70-B286-4FC8A925A6EF}.Debug|Any CPU.Build.0 = Debug|Any CPU
		{A6D88136-2CCC-4A70-B286-4FC8A925A6EF}.Release|Any CPU.ActiveCfg = Release|Any CPU
		{A6D88136-2CCC-4A70-B286-4FC8A925A6EF}.Release|Any CPU.Build.0 = Release|Any CPU
	EndGlobalSection
	GlobalSection(SolutionProperties) = preSolution
		HideSolutionNode = FALSE
	EndGlobalSection
	GlobalSection(ExtensibilityGlobals) = postSolution
		SolutionGuid = {721F18A9-77D9-4CE9-A725-CDB930AB8C4D}
	EndGlobalSection
EndGlobal
